<?xml version="1.0" encoding="utf-8"?>
<Project ToolsVersion="4.0" xmlns="http://schemas.microsoft.com/developer/msbuild/2003">
  <ItemGroup>
    <ClCompile Include="j1Window.cpp">
      <Filter>Desenvolupament  ========\Modules</Filter>
    </ClCompile>
    <ClCompile Include="j1Audio.cpp">
      <Filter>Desenvolupament  ========\Modules</Filter>
    </ClCompile>
    <ClCompile Include="j1App.cpp">
      <Filter>Desenvolupament  ========</Filter>
    </ClCompile>
    <ClCompile Include="j1Input.cpp">
      <Filter>Desenvolupament  ========\Modules</Filter>
    </ClCompile>
    <ClCompile Include="j1Main.cpp">
      <Filter>Desenvolupament  ========</Filter>
    </ClCompile>
    <ClCompile Include="j1Render.cpp">
      <Filter>Desenvolupament  ========\Modules</Filter>
    </ClCompile>
    <ClCompile Include="j1Textures.cpp">
      <Filter>Desenvolupament  ========\Modules</Filter>
    </ClCompile>
    <ClCompile Include="p2Log.cpp">
      <Filter>Programacio 2 ===========</Filter>
    </ClCompile>
    <ClCompile Include="j1Scene.cpp">
      <Filter>Desenvolupament  ========\Scenes</Filter>
    </ClCompile>
    <ClCompile Include="PugiXml\src\pugixml.cpp">
      <Filter>Desenvolupament  ========\Tools\PuguiXML</Filter>
    </ClCompile>
    <ClCompile Include="j1Tilesets.cpp">
      <Filter>Desenvolupament  ========\Modules</Filter>
    </ClCompile>
    <ClCompile Include="j1Colliders.cpp">
      <Filter>Desenvolupament  ========\Modules</Filter>
    </ClCompile>
    <ClCompile Include="j1Fade2Black.cpp">
      <Filter>Desenvolupament  ========\Modules</Filter>
    </ClCompile>
    <ClCompile Include="j1Debug.cpp">
      <Filter>Desenvolupament  ========\Modules</Filter>
    </ClCompile>
    <ClCompile Include="j1PerfTimer.cpp">
      <Filter>Desenvolupament  ========\Tools</Filter>
    </ClCompile>
    <ClCompile Include="j1Timer.cpp">
      <Filter>Desenvolupament  ========\Tools</Filter>
    </ClCompile>
    <ClCompile Include="CharacterObjects.cpp">
      <Filter>Desenvolupament  ========\Game Objects\Dynamic Objects\Character_Objects</Filter>
    </ClCompile>
    <ClCompile Include="PlayerObjects.cpp">
      <Filter>Desenvolupament  ========\Game Objects\Dynamic Objects\Character_Objects\Player_Objects</Filter>
    </ClCompile>
    <ClCompile Include="j1Pathfinding.cpp">
      <Filter>Desenvolupament  ========\Modules</Filter>
    </ClCompile>
    <ClCompile Include="EnemiesObjects.cpp">
      <Filter>Desenvolupament  ========\Game Objects\Dynamic Objects\Character_Objects\Enemies_Objects</Filter>
    </ClCompile>
    <ClCompile Include="j1EntityManager.cpp">
      <Filter>Desenvolupament  ========\Modules</Filter>
    </ClCompile>
    <ClCompile Include="j1UI.cpp">
      <Filter>Desenvolupament  ========\Modules</Filter>
    </ClCompile>
    <ClCompile Include="UI_Element.cpp">
      <Filter>Desenvolupament  ========\UI Elements</Filter>
    </ClCompile>
    <ClCompile Include="UI_Button.cpp">
      <Filter>Desenvolupament  ========\UI Elements</Filter>
    </ClCompile>
    <ClCompile Include="UI_Image.cpp">
      <Filter>Desenvolupament  ========\UI Elements</Filter>
    </ClCompile>
    <ClCompile Include="UI_Functions.cpp" />
  </ItemGroup>
  <ItemGroup>
    <ClInclude Include="j1Window.h">
      <Filter>Desenvolupament  ========\Modules</Filter>
    </ClInclude>
    <ClInclude Include="j1Audio.h">
      <Filter>Desenvolupament  ========\Modules</Filter>
    </ClInclude>
    <ClInclude Include="j1App.h">
      <Filter>Desenvolupament  ========</Filter>
    </ClInclude>
    <ClInclude Include="j1Input.h">
      <Filter>Desenvolupament  ========\Modules</Filter>
    </ClInclude>
    <ClInclude Include="j1Module.h">
      <Filter>Desenvolupament  ========</Filter>
    </ClInclude>
    <ClInclude Include="j1Render.h">
      <Filter>Desenvolupament  ========\Modules</Filter>
    </ClInclude>
    <ClInclude Include="j1Textures.h">
      <Filter>Desenvolupament  ========\Modules</Filter>
    </ClInclude>
    <ClInclude Include="p2Defs.h">
      <Filter>Programacio 2 ===========</Filter>
    </ClInclude>
    <ClInclude Include="p2List.h">
      <Filter>Programacio 2 ===========</Filter>
    </ClInclude>
    <ClInclude Include="p2Log.h">
      <Filter>Programacio 2 ===========</Filter>
    </ClInclude>
    <ClInclude Include="p2SString.h">
      <Filter>Programacio 2 ===========</Filter>
    </ClInclude>
    <ClInclude Include="p2Point.h">
      <Filter>Programacio 2 ===========</Filter>
    </ClInclude>
    <ClInclude Include="p2DynArray.h">
      <Filter>Programacio 2 ===========</Filter>
    </ClInclude>
    <ClInclude Include="j1Scene.h">
      <Filter>Desenvolupament  ========\Scenes</Filter>
    </ClInclude>
    <ClInclude Include="PugiXml\src\pugiconfig.hpp">
      <Filter>Desenvolupament  ========\Tools\PuguiXML</Filter>
    </ClInclude>
    <ClInclude Include="PugiXml\src\pugixml.hpp">
      <Filter>Desenvolupament  ========\Tools\PuguiXML</Filter>
    </ClInclude>
    <ClInclude Include="MemLeaks.h">
      <Filter>Desenvolupament  ========\Tools</Filter>
    </ClInclude>
    <ClInclude Include="j1Tilesets.h">
      <Filter>Desenvolupament  ========\Modules</Filter>
    </ClInclude>
    <ClInclude Include="j1Colliders.h">
      <Filter>Desenvolupament  ========\Modules</Filter>
    </ClInclude>
    <ClInclude Include="j1Fade2Black.h">
      <Filter>Desenvolupament  ========\Modules</Filter>
    </ClInclude>
    <ClInclude Include="j1Debug.h">
      <Filter>Desenvolupament  ========\Modules</Filter>
    </ClInclude>
    <ClInclude Include="Animation.h">
      <Filter>Desenvolupament  ========\Tools</Filter>
    </ClInclude>
    <ClInclude Include="j1PerfTimer.h">
      <Filter>Desenvolupament  ========\Tools</Filter>
    </ClInclude>
    <ClInclude Include="j1Timer.h">
      <Filter>Desenvolupament  ========\Tools</Filter>
    </ClInclude>
    <ClInclude Include="CharacterObjects.h">
      <Filter>Desenvolupament  ========\Game Objects\Dynamic Objects\Character_Objects</Filter>
    </ClInclude>
    <ClInclude Include="PlayerObjects.h">
      <Filter>Desenvolupament  ========\Game Objects\Dynamic Objects\Character_Objects\Player_Objects</Filter>
    </ClInclude>
    <ClInclude Include="j1Pathfinding.h">
      <Filter>Desenvolupament  ========\Modules</Filter>
    </ClInclude>
    <ClInclude Include="EnemiesObjects.h">
      <Filter>Desenvolupament  ========\Game Objects\Dynamic Objects\Character_Objects\Enemies_Objects</Filter>
    </ClInclude>
    <ClInclude Include="j1EntityManager.h">
      <Filter>Desenvolupament  ========\Modules</Filter>
    </ClInclude>
    <ClInclude Include="j1UI.h">
      <Filter>Desenvolupament  ========\Modules</Filter>
    </ClInclude>
    <ClInclude Include="UI_Element.h">
      <Filter>Desenvolupament  ========\UI Elements</Filter>
    </ClInclude>
    <ClInclude Include="UI_Button.h">
      <Filter>Desenvolupament  ========\UI Elements</Filter>
    </ClInclude>
    <ClInclude Include="UI_Image.h">
      <Filter>Desenvolupament  ========\UI Elements</Filter>
    </ClInclude>
    <ClInclude Include="UI_Functions.h">
      <Filter>Desenvolupament  ========\UI Elements</Filter>
    </ClInclude>
  </ItemGroup>
  <ItemGroup>
    <Filter Include="Programacio 2 ===========">
      <UniqueIdentifier>{a8bfab6a-5472-4969-943e-861a8b493f08}</UniqueIdentifier>
    </Filter>
    <Filter Include="Desenvolupament  ========">
      <UniqueIdentifier>{cb944693-b9d0-484c-bad2-02d5a7cdbec6}</UniqueIdentifier>
    </Filter>
    <Filter Include="Desenvolupament  ========\Tools">
      <UniqueIdentifier>{42c748be-4a37-49de-970f-5be811d06b38}</UniqueIdentifier>
    </Filter>
    <Filter Include="Desenvolupament  ========\Scenes">
      <UniqueIdentifier>{e07660eb-d36f-4cc9-af59-324d31c2f2f6}</UniqueIdentifier>
    </Filter>
    <Filter Include="Desenvolupament  ========\Modules">
      <UniqueIdentifier>{244722d1-90ce-423d-8e7a-556211865a32}</UniqueIdentifier>
    </Filter>
    <Filter Include="Desenvolupament  ========\Tools\PuguiXML">
      <UniqueIdentifier>{7cb78d67-17cc-45eb-af97-e2106becce7b}</UniqueIdentifier>
    </Filter>
    <Filter Include="Desenvolupament  ========\Game Objects">
      <UniqueIdentifier>{daab7548-928c-4cd5-9929-fc35b2bcdb6a}</UniqueIdentifier>
    </Filter>
    <Filter Include="Desenvolupament  ========\Game Objects\Dynamic Objects">
      <UniqueIdentifier>{39167a07-e1a2-4f06-a7b6-46ff29503ddb}</UniqueIdentifier>
    </Filter>
    <Filter Include="Desenvolupament  ========\Game Objects\Dynamic Objects\Character_Objects">
      <UniqueIdentifier>{71a2586e-0fab-4e81-b781-b15bdb455e2b}</UniqueIdentifier>
    </Filter>
    <Filter Include="Desenvolupament  ========\Game Objects\Dynamic Objects\Character_Objects\Player_Objects">
      <UniqueIdentifier>{8ae465a1-2813-42f1-8b43-d40be225447c}</UniqueIdentifier>
    </Filter>
    <Filter Include="Desenvolupament  ========\Game Objects\Dynamic Objects\Character_Objects\Enemies_Objects">
      <UniqueIdentifier>{a7e1744d-4b70-4b18-a207-0161447e86dc}</UniqueIdentifier>
    </Filter>
    <Filter Include="Desenvolupament  ========\UI Elements">
      <UniqueIdentifier>{e22f0bef-3cfd-401c-8e13-0661732d5d2d}</UniqueIdentifier>
    </Filter>
  </ItemGroup>
  <ItemGroup>
    <Xml Include="..\Game\config.xml">
      <Filter>Desenvolupament  ========\Tools\PuguiXML</Filter>
    </Xml>
  </ItemGroup>
</Project>